
Microsoft Visual Studio Solution File, Format Version 12.00
# Visual Studio Version 16
VisualStudioVersion = 16.0.30114.105
MinimumVisualStudioVersion = 10.0.40219.1
Project("{FAE04EC0-301F-11D3-BF4B-00C04F79EFBC}") = "Teacher", "Teacher\Teacher.csproj", "{E380EDA8-66A6-4FC2-A589-C0C6076C568C}"
EndProject
Project("{FAE04EC0-301F-11D3-BF4B-00C04F79EFBC}") = "Student", "Student\Student.csproj", "{ED54DEFE-7B20-4F13-9467-83572713CE0D}"
EndProject
Project("{FAE04EC0-301F-11D3-BF4B-00C04F79EFBC}") = "DataManager", "DataManager\DataManager.csproj", "{E196168C-4156-4BE3-8D8D-AD198C2C4587}"
EndProject
Global
	GlobalSection(SolutionConfigurationPlatforms) = preSolution
		Debug|Any CPU = Debug|Any CPU
		Release|Any CPU = Release|Any CPU
	EndGlobalSection
	GlobalSection(ProjectConfigurationPlatforms) = postSolution
		{E380EDA8-66A6-4FC2-A589-C0C6076C568C}.Debug|Any CPU.ActiveCfg = Debug|Any CPU
		{E380EDA8-66A6-4FC2-A589-C0C6076C568C}.Debug|Any CPU.Build.0 = Debug|Any CPU
		{E380EDA8-66A6-4FC2-A589-C0C6076C568C}.Release|Any CPU.ActiveCfg = Release|Any CPU
		{E380EDA8-66A6-4FC2-A589-C0C6076C568C}.Release|Any CPU.Build.0 = Release|Any CPU
		{ED54DEFE-7B20-4F13-9467-83572713CE0D}.Debug|Any CPU.ActiveCfg = Debug|Any CPU
		{ED54DEFE-7B20-4F13-9467-83572713CE0D}.Debug|Any CPU.Build.0 = Debug|Any CPU
		{ED54DEFE-7B20-4F13-9467-83572713CE0D}.Release|Any CPU.ActiveCfg = Release|Any CPU
		{ED54DEFE-7B20-4F13-9467-83572713CE0D}.Release|Any CPU.Build.0 = Release|Any CPU
		{E196168C-4156-4BE3-8D8D-AD198C2C4587}.Debug|Any CPU.ActiveCfg = Debug|Any CPU
		{E196168C-4156-4BE3-8D8D-AD198C2C4587}.Debug|Any CPU.Build.0 = Debug|Any CPU
		{E196168C-4156-4BE3-8D8D-AD198C2C4587}.Release|Any CPU.ActiveCfg = Release|Any CPU
		{E196168C-4156-4BE3-8D8D-AD198C2C4587}.Release|Any CPU.Build.0 = Release|Any CPU
	EndGlobalSection
	GlobalSection(SolutionProperties) = preSolution
		HideSolutionNode = FALSE
	EndGlobalSection
	GlobalSection(ExtensibilityGlobals) = postSolution
		SolutionGuid = {06692C38-BEC6-4B1A-BC8B-117145178D43}
	EndGlobalSection
EndGlobal
